
Microsoft Visual Studio Solution File, Format Version 12.00
# Visual Studio Version 17
VisualStudioVersion = 17.10.35027.167
MinimumVisualStudioVersion = 10.0.40219.1
Project("{FAE04EC0-301F-11D3-BF4B-00C04F79EFBC}") = "ConnectingPIServer", "ConnectingPIServer.csproj", "{AAC492AD-9267-487D-A100-CBF9FA104027}"
EndProject
Global
	GlobalSection(SolutionConfigurationPlatforms) = preSolution
		Debug|Any CPU = Debug|Any CPU
		Release|Any CPU = Release|Any CPU
	EndGlobalSection
	GlobalSection(ProjectConfigurationPlatforms) = postSolution
		{AAC492AD-9267-487D-A100-CBF9FA104027}.Debug|Any CPU.ActiveCfg = Debug|Any CPU
		{AAC492AD-9267-487D-A100-CBF9FA104027}.Debug|Any CPU.Build.0 = Debug|Any CPU
		{AAC492AD-9267-487D-A100-CBF9FA104027}.Release|Any CPU.ActiveCfg = Release|Any CPU
		{AAC492AD-9267-487D-A100-CBF9FA104027}.Release|Any CPU.Build.0 = Release|Any CPU
	EndGlobalSection
	GlobalSection(SolutionProperties) = preSolution
		HideSolutionNode = FALSE
	EndGlobalSection
	GlobalSection(ExtensibilityGlobals) = postSolution
		SolutionGuid = {C6ABEC63-D5F2-4579-A857-3CF7FDF7A464}
	EndGlobalSection
EndGlobal
